
Microsoft Visual Studio Solution File, Format Version 12.00
# Visual Studio Version 17
VisualStudioVersion = 17.10.35013.160
MinimumVisualStudioVersion = 10.0.40219.1
Project("{FAE04EC0-301F-11D3-BF4B-00C04F79EFBC}") = "GerirContratos", "GerirContratos\GerirContratos.csproj", "{268517A1-5711-4E47-BF3B-406DE37EE856}"
EndProject
Global
	GlobalSection(SolutionConfigurationPlatforms) = preSolution
		Debug|Any CPU = Debug|Any CPU
		Release|Any CPU = Release|Any CPU
	EndGlobalSection
	GlobalSection(ProjectConfigurationPlatforms) = postSolution
		{268517A1-5711-4E47-BF3B-406DE37EE856}.Debug|Any CPU.ActiveCfg = Debug|Any CPU
		{268517A1-5711-4E47-BF3B-406DE37EE856}.Debug|Any CPU.Build.0 = Debug|Any CPU
		{268517A1-5711-4E47-BF3B-406DE37EE856}.Release|Any CPU.ActiveCfg = Release|Any CPU
		{268517A1-5711-4E47-BF3B-406DE37EE856}.Release|Any CPU.Build.0 = Release|Any CPU
	EndGlobalSection
	GlobalSection(SolutionProperties) = preSolution
		HideSolutionNode = FALSE
	EndGlobalSection
	GlobalSection(ExtensibilityGlobals) = postSolution
		SolutionGuid = {1C6996CB-22CA-4CFD-A872-2DE988F47520}
	EndGlobalSection
EndGlobal
